<Solution>
  <Folder Name="/analyzers/">
    <Project Path="MudBlazor.Analyzers.CodeFixes/MudBlazor.Analyzers.CodeFixes.csproj" />
    <Project Path="MudBlazor.Analyzers/MudBlazor.Analyzers.csproj" />
  </Folder>
  <Folder Name="/Solution Items/">
    <File Path=".editorconfig" />
    <File Path="Directory.Build.props" />
    <File Path="Directory.Build.targets" />
  </Folder>
  <Project Path="MudBlazor/MudBlazor.csproj" />
</Solution>
